{
    "_readme": [
        "This file locks the dependencies of your project to a known state",
        "Read more about it at http://getcomposer.org/doc/01-basic-usage.md#composer-lock-the-lock-file"
    ],
    "hash": "93b084388e341e48d2238879a0ef445d",
    "packages": [
        {
            "name": "drpheltright/lily",
            "version": "v0.4.3",
            "source": {
                "type": "git",
                "url": "https://github.com/DrPheltRight/lily.git",
                "reference": "ea20c2133586066cd68aa2e8481bbb67d79eb3d3"
            },
            "dist": {
                "type": "zip",
                "url": "https://api.github.com/repos/DrPheltRight/lily/zipball/ea20c2133586066cd68aa2e8481bbb67d79eb3d3",
                "reference": "ea20c2133586066cd68aa2e8481bbb67d79eb3d3",
                "shasum": ""
            },
            "require": {
                "filp/whoops": "1.*",
                "php": ">=5.3.3"
            },
            "require-dev": {
                "phpunit/php-code-coverage": "1.2.*",
                "phpunit/phpunit": "3.7.*"
            },
            "type": "library",
            "autoload": {
                "psr-0": {
                    "Lily": "src/"
                }
            },
            "notification-url": "https://packagist.org/downloads/",
            "license": [
                "MIT"
            ],
            "authors": [
                {
                    "name": "Luke Morton",
                    "email": "lukemorton.dev@gmail.com",
                    "homepage": "http://lukemorton.co.uk"
                }
            ],
            "description": "A lightweight web application library for PHP.",
            "time": "2013-06-06 23:54:49"
        },
        {
            "name": "filp/whoops",
            "version": "1.0.8",
            "source": {
                "type": "git",
                "url": "https://github.com/filp/whoops.git",
                "reference": "d086796e7cfb59f532d07738e5e4cf0ac3c6deb8"
            },
            "dist": {
                "type": "zip",
                "url": "https://api.github.com/repos/filp/whoops/zipball/d086796e7cfb59f532d07738e5e4cf0ac3c6deb8",
                "reference": "d086796e7cfb59f532d07738e5e4cf0ac3c6deb8",
                "shasum": ""
            },
            "require": {
                "php": ">=5.3.0"
            },
            "require-dev": {
                "mockery/mockery": "dev-master",
                "silex/silex": "1.0.*@dev"
            },
            "type": "library",
            "autoload": {
                "psr-0": {
                    "Whoops": "src/"
                }
            },
            "notification-url": "https://packagist.org/downloads/",
            "license": [
                "MIT"
            ],
            "authors": [
                {
                    "name": "Filipe Dobreira",
                    "homepage": "https://github.com/filp",
                    "role": "Developer"
                }
            ],
            "description": "php error handling for cool kids",
            "homepage": "https://github.com/filp/whoops",
            "keywords": [
                "error",
                "exception",
                "handling",
                "library",
                "silex-provider",
                "whoops",
                "zf2"
            ],
            "time": "2013-08-06 20:39:59"
        },
        {
            "name": "michelf/php-markdown",
            "version": "1.3",
            "source": {
                "type": "git",
                "url": "https://github.com/michelf/php-markdown.git",
                "reference": "fcdd3e0781ae40c2b9847874e0755ff4f5559688"
            },
            "dist": {
                "type": "zip",
                "url": "https://api.github.com/repos/michelf/php-markdown/zipball/fcdd3e0781ae40c2b9847874e0755ff4f5559688",
                "reference": "fcdd3e0781ae40c2b9847874e0755ff4f5559688",
                "shasum": ""
            },
            "require": {
                "php": ">=5.3.0"
            },
            "type": "library",
            "extra": {
                "branch-alias": {
                    "dev-lib": "1.3.x-dev"
                }
            },
            "autoload": {
                "psr-0": {
                    "Michelf": ""
                }
            },
            "notification-url": "https://packagist.org/downloads/",
            "license": [
                "BSD-3-Clause"
            ],
            "authors": [
                {
                    "name": "Michel Fortin",
                    "email": "michel.fortin@michelf.ca",
                    "homepage": "http://michelf.ca/",
                    "role": "Developer"
                },
                {
                    "name": "John Gruber",
                    "homepage": "http://daringfireball.net/"
                }
            ],
            "description": "PHP Markdown",
            "homepage": "http://michelf.ca/projects/php-markdown/",
            "keywords": [
                "markdown"
            ],
            "time": "2013-04-11 18:53:11"
        },
        {
            "name": "phly/mustache",
            "version": "1.2.0",
            "source": {
                "type": "git",
                "url": "https://github.com/weierophinney/phly_mustache",
                "reference": "1.2.0"
            },
            "dist": {
                "type": "zip",
                "url": "https://github.com/weierophinney/phly_mustache/zipball/1.2.0",
                "reference": "1.2.0",
                "shasum": ""
            },
            "require": {
                "php": ">=5.3.3"
            },
            "type": "library",
            "autoload": {
                "psr-0": {
                    "Phly": "library/"
                }
            },
            "notification-url": "https://packagist.org/downloads/",
            "license": [
                "BSD-3-Clause"
            ],
            "authors": [
                {
                    "name": "Matthew Weier O'Phinney",
                    "email": "matthew@weierophinney.net",
                    "homepage": "http://mwop.net/"
                }
            ],
            "description": "PHP 5.3 Mustache Implementation",
            "homepage": "http://wiki.github.com/weierophinney/phly_mustache/",
            "keywords": [
                "mustache"
            ],
            "time": "2012-07-31 20:33:14"
        },
        {
            "name": "pimple/pimple",
            "version": "v1.0.2",
            "source": {
                "type": "git",
                "url": "https://github.com/fabpot/Pimple.git",
                "reference": "v1.0.2"
            },
            "dist": {
                "type": "zip",
                "url": "https://api.github.com/repos/fabpot/Pimple/zipball/v1.0.2",
                "reference": "v1.0.2",
                "shasum": ""
            },
            "require": {
                "php": ">=5.3.0"
            },
            "type": "library",
            "extra": {
                "branch-alias": {
                    "dev-master": "1.0.x-dev"
                }
            },
            "autoload": {
                "psr-0": {
                    "Pimple": "lib/"
                }
            },
            "notification-url": "https://packagist.org/downloads/",
            "license": [
                "MIT"
            ],
            "authors": [
                {
                    "name": "Fabien Potencier",
                    "email": "fabien@symfony.com"
                }
            ],
            "description": "Pimple is a simple Dependency Injection Container for PHP 5.3",
            "homepage": "http://pimple.sensiolabs.org",
            "keywords": [
                "container",
                "dependency injection"
            ],
            "time": "2013-03-08 08:21:40"
        }
    ],
    "packages-dev": [

    ],
    "aliases": [

    ],
    "minimum-stability": "stable",
    "stability-flags": [

    ],
    "platform": [

    ],
    "platform-dev": [

    ]
}
